
Microsoft Visual Studio Solution File, Format Version 12.00
# Visual Studio Version 17
VisualStudioVersion = 17.3.32922.545
MinimumVisualStudioVersion = 10.0.40219.1
Project("{FAE04EC0-301F-11D3-BF4B-00C04F79EFBC}") = "Revolver", "Revolver\Revolver.csproj", "{F2384838-2CC8-4073-A031-5D9621AD1B6E}"
EndProject
Global
	GlobalSection(SolutionConfigurationPlatforms) = preSolution
		Debug|Any CPU = Debug|Any CPU
		Release|Any CPU = Release|Any CPU
	EndGlobalSection
	GlobalSection(ProjectConfigurationPlatforms) = postSolution
		{F2384838-2CC8-4073-A031-5D9621AD1B6E}.Debug|Any CPU.ActiveCfg = Debug|Any CPU
		{F2384838-2CC8-4073-A031-5D9621AD1B6E}.Debug|Any CPU.Build.0 = Debug|Any CPU
		{F2384838-2CC8-4073-A031-5D9621AD1B6E}.Release|Any CPU.ActiveCfg = Release|Any CPU
		{F2384838-2CC8-4073-A031-5D9621AD1B6E}.Release|Any CPU.Build.0 = Release|Any CPU
	EndGlobalSection
	GlobalSection(SolutionProperties) = preSolution
		HideSolutionNode = FALSE
	EndGlobalSection
	GlobalSection(ExtensibilityGlobals) = postSolution
		SolutionGuid = {E59866E3-9227-46AB-A616-6A408A68B3FE}
	EndGlobalSection
EndGlobal
